
Microsoft Visual Studio Solution File, Format Version 12.00
# Visual Studio Version 17
VisualStudioVersion = 17.13.35828.75 d17.13
MinimumVisualStudioVersion = 10.0.40219.1
Project("{FAE04EC0-301F-11D3-BF4B-00C04F79EFBC}") = "Composition", "Composition\Composition.csproj", "{A34041D2-6079-449E-BB17-239D15B08A11}"
EndProject
Global
	GlobalSection(SolutionConfigurationPlatforms) = preSolution
		Debug|Any CPU = Debug|Any CPU
		Release|Any CPU = Release|Any CPU
	EndGlobalSection
	GlobalSection(ProjectConfigurationPlatforms) = postSolution
		{A34041D2-6079-449E-BB17-239D15B08A11}.Debug|Any CPU.ActiveCfg = Debug|Any CPU
		{A34041D2-6079-449E-BB17-239D15B08A11}.Debug|Any CPU.Build.0 = Debug|Any CPU
		{A34041D2-6079-449E-BB17-239D15B08A11}.Release|Any CPU.ActiveCfg = Release|Any CPU
		{A34041D2-6079-449E-BB17-239D15B08A11}.Release|Any CPU.Build.0 = Release|Any CPU
	EndGlobalSection
	GlobalSection(SolutionProperties) = preSolution
		HideSolutionNode = FALSE
	EndGlobalSection
	GlobalSection(ExtensibilityGlobals) = postSolution
		SolutionGuid = {B75826B6-BEFB-4CBB-BC8C-9BAE73FBE5C0}
	EndGlobalSection
EndGlobal
