
Microsoft Visual Studio Solution File, Format Version 12.00
# Visual Studio Version 17
VisualStudioVersion = 17.13.35828.75 d17.13
MinimumVisualStudioVersion = 10.0.40219.1
Project("{FAE04EC0-301F-11D3-BF4B-00C04F79EFBC}") = "accessModifiers", "accessModifiers\accessModifiers.csproj", "{C3438197-59C4-4F6D-B2C4-E386EDA522AD}"
EndProject
Global
	GlobalSection(SolutionConfigurationPlatforms) = preSolution
		Debug|Any CPU = Debug|Any CPU
		Release|Any CPU = Release|Any CPU
	EndGlobalSection
	GlobalSection(ProjectConfigurationPlatforms) = postSolution
		{C3438197-59C4-4F6D-B2C4-E386EDA522AD}.Debug|Any CPU.ActiveCfg = Debug|Any CPU
		{C3438197-59C4-4F6D-B2C4-E386EDA522AD}.Debug|Any CPU.Build.0 = Debug|Any CPU
		{C3438197-59C4-4F6D-B2C4-E386EDA522AD}.Release|Any CPU.ActiveCfg = Release|Any CPU
		{C3438197-59C4-4F6D-B2C4-E386EDA522AD}.Release|Any CPU.Build.0 = Release|Any CPU
	EndGlobalSection
	GlobalSection(SolutionProperties) = preSolution
		HideSolutionNode = FALSE
	EndGlobalSection
	GlobalSection(ExtensibilityGlobals) = postSolution
		SolutionGuid = {D6E1FA96-C2EE-418F-9128-6C3A3979F5EA}
	EndGlobalSection
EndGlobal
