
Microsoft Visual Studio Solution File, Format Version 12.00
# Visual Studio Version 17
VisualStudioVersion = 17.13.35828.75 d17.13
MinimumVisualStudioVersion = 10.0.40219.1
Project("{FAE04EC0-301F-11D3-BF4B-00C04F79EFBC}") = "sayiTahmin", "sayiTahmin\sayiTahmin.csproj", "{316B2DC3-A772-4912-AFB0-94466D0F5907}"
EndProject
Global
	GlobalSection(SolutionConfigurationPlatforms) = preSolution
		Debug|Any CPU = Debug|Any CPU
		Release|Any CPU = Release|Any CPU
	EndGlobalSection
	GlobalSection(ProjectConfigurationPlatforms) = postSolution
		{316B2DC3-A772-4912-AFB0-94466D0F5907}.Debug|Any CPU.ActiveCfg = Debug|Any CPU
		{316B2DC3-A772-4912-AFB0-94466D0F5907}.Debug|Any CPU.Build.0 = Debug|Any CPU
		{316B2DC3-A772-4912-AFB0-94466D0F5907}.Release|Any CPU.ActiveCfg = Release|Any CPU
		{316B2DC3-A772-4912-AFB0-94466D0F5907}.Release|Any CPU.Build.0 = Release|Any CPU
	EndGlobalSection
	GlobalSection(SolutionProperties) = preSolution
		HideSolutionNode = FALSE
	EndGlobalSection
	GlobalSection(ExtensibilityGlobals) = postSolution
		SolutionGuid = {DF0D3C72-B70E-46D3-B279-A3197E4A9C9C}
	EndGlobalSection
EndGlobal
