
Microsoft Visual Studio Solution File, Format Version 12.00
# Visual Studio Version 17
VisualStudioVersion = 17.13.35806.99 d17.13
MinimumVisualStudioVersion = 10.0.40219.1
Project("{FAE04EC0-301F-11D3-BF4B-00C04F79EFBC}") = "YakıtTüketim", "YakıtTüketim\YakıtTüketim.csproj", "{8808E667-630B-4383-92ED-C524B72AEBFC}"
EndProject
Global
	GlobalSection(SolutionConfigurationPlatforms) = preSolution
		Debug|Any CPU = Debug|Any CPU
		Release|Any CPU = Release|Any CPU
	EndGlobalSection
	GlobalSection(ProjectConfigurationPlatforms) = postSolution
		{8808E667-630B-4383-92ED-C524B72AEBFC}.Debug|Any CPU.ActiveCfg = Debug|Any CPU
		{8808E667-630B-4383-92ED-C524B72AEBFC}.Debug|Any CPU.Build.0 = Debug|Any CPU
		{8808E667-630B-4383-92ED-C524B72AEBFC}.Release|Any CPU.ActiveCfg = Release|Any CPU
		{8808E667-630B-4383-92ED-C524B72AEBFC}.Release|Any CPU.Build.0 = Release|Any CPU
	EndGlobalSection
	GlobalSection(SolutionProperties) = preSolution
		HideSolutionNode = FALSE
	EndGlobalSection
	GlobalSection(ExtensibilityGlobals) = postSolution
		SolutionGuid = {A4E4FD97-8B30-4312-845B-FF2DF41669ED}
	EndGlobalSection
EndGlobal
